
Microsoft Visual Studio Solution File, Format Version 12.00
# Visual Studio Version 16
VisualStudioVersion = 16.0.30804.86
MinimumVisualStudioVersion = 10.0.40219.1
Project("{9A19103F-16F7-4668-BE54-9A1E7A4F7556}") = "Battleship", "Battleship\Battleship.csproj", "{F55E2C80-B48E-401E-B3BA-7B685D219027}"
EndProject
Project("{9A19103F-16F7-4668-BE54-9A1E7A4F7556}") = "Battleship.Domain", "Battleship.Domain\Battleship.Domain.csproj", "{AE76CDEE-8CCF-47BE-AAB6-1647EE72BF84}"
EndProject
Project("{9A19103F-16F7-4668-BE54-9A1E7A4F7556}") = "Battleship.Test", "Battleship.Test\Battleship.Test.csproj", "{EF80CF4D-2072-4D4E-855A-40C883754602}"
EndProject
Global
	GlobalSection(SolutionConfigurationPlatforms) = preSolution
		Debug|Any CPU = Debug|Any CPU
		Release|Any CPU = Release|Any CPU
	EndGlobalSection
	GlobalSection(ProjectConfigurationPlatforms) = postSolution
		{F55E2C80-B48E-401E-B3BA-7B685D219027}.Debug|Any CPU.ActiveCfg = Debug|Any CPU
		{F55E2C80-B48E-401E-B3BA-7B685D219027}.Debug|Any CPU.Build.0 = Debug|Any CPU
		{F55E2C80-B48E-401E-B3BA-7B685D219027}.Release|Any CPU.ActiveCfg = Release|Any CPU
		{F55E2C80-B48E-401E-B3BA-7B685D219027}.Release|Any CPU.Build.0 = Release|Any CPU
		{AE76CDEE-8CCF-47BE-AAB6-1647EE72BF84}.Debug|Any CPU.ActiveCfg = Debug|Any CPU
		{AE76CDEE-8CCF-47BE-AAB6-1647EE72BF84}.Debug|Any CPU.Build.0 = Debug|Any CPU
		{AE76CDEE-8CCF-47BE-AAB6-1647EE72BF84}.Release|Any CPU.ActiveCfg = Release|Any CPU
		{AE76CDEE-8CCF-47BE-AAB6-1647EE72BF84}.Release|Any CPU.Build.0 = Release|Any CPU
		{EF80CF4D-2072-4D4E-855A-40C883754602}.Debug|Any CPU.ActiveCfg = Debug|Any CPU
		{EF80CF4D-2072-4D4E-855A-40C883754602}.Debug|Any CPU.Build.0 = Debug|Any CPU
		{EF80CF4D-2072-4D4E-855A-40C883754602}.Release|Any CPU.ActiveCfg = Release|Any CPU
		{EF80CF4D-2072-4D4E-855A-40C883754602}.Release|Any CPU.Build.0 = Release|Any CPU
	EndGlobalSection
	GlobalSection(SolutionProperties) = preSolution
		HideSolutionNode = FALSE
	EndGlobalSection
	GlobalSection(ExtensibilityGlobals) = postSolution
		SolutionGuid = {64DAD1FF-90A9-49AA-AE41-70EB6753F744}
	EndGlobalSection
EndGlobal
